
Microsoft Visual Studio Solution File, Format Version 12.00
# Visual Studio Version 17
VisualStudioVersion = 17.14.36414.22 d17.14
MinimumVisualStudioVersion = 10.0.40219.1
Project("{FAE04EC0-301F-11D3-BF4B-00C04F79EFBC}") = "volatileEmployees", "volatileEmployees\volatileEmployees.csproj", "{A46D8FD1-7E4A-4805-B61A-3412B1108C52}"
EndProject
Global
	GlobalSection(SolutionConfigurationPlatforms) = preSolution
		Debug|Any CPU = Debug|Any CPU
		Release|Any CPU = Release|Any CPU
	EndGlobalSection
	GlobalSection(ProjectConfigurationPlatforms) = postSolution
		{A46D8FD1-7E4A-4805-B61A-3412B1108C52}.Debug|Any CPU.ActiveCfg = Debug|Any CPU
		{A46D8FD1-7E4A-4805-B61A-3412B1108C52}.Debug|Any CPU.Build.0 = Debug|Any CPU
		{A46D8FD1-7E4A-4805-B61A-3412B1108C52}.Release|Any CPU.ActiveCfg = Release|Any CPU
		{A46D8FD1-7E4A-4805-B61A-3412B1108C52}.Release|Any CPU.Build.0 = Release|Any CPU
	EndGlobalSection
	GlobalSection(SolutionProperties) = preSolution
		HideSolutionNode = FALSE
	EndGlobalSection
	GlobalSection(ExtensibilityGlobals) = postSolution
		SolutionGuid = {A4B4D6E5-5C12-4BFE-90DE-C3C1D24ED84E}
	EndGlobalSection
EndGlobal
